# THIS IS AN AUTOGENERATED FILE. DO NOT EDIT THIS FILE DIRECTLY.
# yarn lockfile v1


cleave.js@^1.4.7:
  version "1.4.7"
  resolved "https://registry.yarnpkg.com/cleave.js/-/cleave.js-1.4.7.tgz#5e94f4880946aa778b55ecaafc76d122600ff4d0"
  integrity sha512-+fewLSc8Q5Bi6vYEaTEz1Qsl+z7KT3EmN0iNexszN36CZCmcZs5EAYsJB9ZvQoDoEudGF9Vb7/VF/f7ns/tCgA==

jquery-validation@^1.19.0:
  version "1.19.0"
  resolved "https://registry.yarnpkg.com/jquery-validation/-/jquery-validation-1.19.0.tgz#0fedf0c0483a030c4fff072398898ac18cfd6e40"
  integrity sha512-i1ygcs9K9eI0jqQ8fiOZdT0Ofw941YII1zyPQDUkBS8t2G8SoSWz8UUEVT6gV1KvsaBbovtL8YxjLALACR0syQ==
  dependencies:
    jquery "^1.7 || ^2.0 || ^3.1"

"jquery@^1.7 || ^2.0 || ^3.1", jquery@^3.3.1:
  version "3.3.1"
  resolved "https://registry.yarnpkg.com/jquery/-/jquery-3.3.1.tgz#958ce29e81c9790f31be7792df5d4d95fc57fbca"
  integrity sha512-Ubldcmxp5np52/ENotGxlLe6aGMvmF4R8S6tZjsP6Knsaxd/xp3Zrh50cG93lR6nPXyUFwzN3ZSOQI0wRJNdGg==
